
Microsoft Visual Studio Solution File, Format Version 12.00
# Visual Studio Version 16
VisualStudioVersion = 16.0.30204.135
MinimumVisualStudioVersion = 15.0.26124.0
Project("{FAE04EC0-301F-11D3-BF4B-00C04F79EFBC}") = "CConv", "CConv\CConv.csproj", "{BF89A4BE-9442-458C-AB9D-7DCB87B42277}"
EndProject
Project("{FAE04EC0-301F-11D3-BF4B-00C04F79EFBC}") = "CConv.Tests", "CConv.Tests\CConv.Tests.csproj", "{77AE5E1E-C5BA-4D97-8E26-AB7F1305C8C7}"
EndProject
Project("{2150E333-8FDC-42A3-9474-1A3956D46DE8}") = "Tests", "Tests", "{768877C2-198C-4174-B437-E2A13A2C881B}"
EndProject
Project("{FAE04EC0-301F-11D3-BF4B-00C04F79EFBC}") = "Monads", "Monads\Monads.csproj", "{4EF20A66-5E75-466E-9C6A-CC823276C22F}"
EndProject
Project("{FAE04EC0-301F-11D3-BF4B-00C04F79EFBC}") = "Monads.Tests", "Monads.Tests\Monads.Tests.csproj", "{89916C47-5CE9-49BB-B863-2C97CA3F48BB}"
EndProject
Global
	GlobalSection(SolutionConfigurationPlatforms) = preSolution
		Debug|Any CPU = Debug|Any CPU
		Debug|x64 = Debug|x64
		Debug|x86 = Debug|x86
		Release|Any CPU = Release|Any CPU
		Release|x64 = Release|x64
		Release|x86 = Release|x86
	EndGlobalSection
	GlobalSection(ProjectConfigurationPlatforms) = postSolution
		{BF89A4BE-9442-458C-AB9D-7DCB87B42277}.Debug|Any CPU.ActiveCfg = Debug|Any CPU
		{BF89A4BE-9442-458C-AB9D-7DCB87B42277}.Debug|Any CPU.Build.0 = Debug|Any CPU
		{BF89A4BE-9442-458C-AB9D-7DCB87B42277}.Debug|x64.ActiveCfg = Debug|Any CPU
		{BF89A4BE-9442-458C-AB9D-7DCB87B42277}.Debug|x64.Build.0 = Debug|Any CPU
		{BF89A4BE-9442-458C-AB9D-7DCB87B42277}.Debug|x86.ActiveCfg = Debug|Any CPU
		{BF89A4BE-9442-458C-AB9D-7DCB87B42277}.Debug|x86.Build.0 = Debug|Any CPU
		{BF89A4BE-9442-458C-AB9D-7DCB87B42277}.Release|Any CPU.ActiveCfg = Release|Any CPU
		{BF89A4BE-9442-458C-AB9D-7DCB87B42277}.Release|Any CPU.Build.0 = Release|Any CPU
		{BF89A4BE-9442-458C-AB9D-7DCB87B42277}.Release|x64.ActiveCfg = Release|Any CPU
		{BF89A4BE-9442-458C-AB9D-7DCB87B42277}.Release|x64.Build.0 = Release|Any CPU
		{BF89A4BE-9442-458C-AB9D-7DCB87B42277}.Release|x86.ActiveCfg = Release|Any CPU
		{BF89A4BE-9442-458C-AB9D-7DCB87B42277}.Release|x86.Build.0 = Release|Any CPU
		{77AE5E1E-C5BA-4D97-8E26-AB7F1305C8C7}.Debug|Any CPU.ActiveCfg = Debug|Any CPU
		{77AE5E1E-C5BA-4D97-8E26-AB7F1305C8C7}.Debug|Any CPU.Build.0 = Debug|Any CPU
		{77AE5E1E-C5BA-4D97-8E26-AB7F1305C8C7}.Debug|x64.ActiveCfg = Debug|Any CPU
		{77AE5E1E-C5BA-4D97-8E26-AB7F1305C8C7}.Debug|x64.Build.0 = Debug|Any CPU
		{77AE5E1E-C5BA-4D97-8E26-AB7F1305C8C7}.Debug|x86.ActiveCfg = Debug|Any CPU
		{77AE5E1E-C5BA-4D97-8E26-AB7F1305C8C7}.Debug|x86.Build.0 = Debug|Any CPU
		{77AE5E1E-C5BA-4D97-8E26-AB7F1305C8C7}.Release|Any CPU.ActiveCfg = Release|Any CPU
		{77AE5E1E-C5BA-4D97-8E26-AB7F1305C8C7}.Release|Any CPU.Build.0 = Release|Any CPU
		{77AE5E1E-C5BA-4D97-8E26-AB7F1305C8C7}.Release|x64.ActiveCfg = Release|Any CPU
		{77AE5E1E-C5BA-4D97-8E26-AB7F1305C8C7}.Release|x64.Build.0 = Release|Any CPU
		{77AE5E1E-C5BA-4D97-8E26-AB7F1305C8C7}.Release|x86.ActiveCfg = Release|Any CPU
		{77AE5E1E-C5BA-4D97-8E26-AB7F1305C8C7}.Release|x86.Build.0 = Release|Any CPU
		{4EF20A66-5E75-466E-9C6A-CC823276C22F}.Debug|Any CPU.ActiveCfg = Debug|Any CPU
		{4EF20A66-5E75-466E-9C6A-CC823276C22F}.Debug|Any CPU.Build.0 = Debug|Any CPU
		{4EF20A66-5E75-466E-9C6A-CC823276C22F}.Debug|x64.ActiveCfg = Debug|Any CPU
		{4EF20A66-5E75-466E-9C6A-CC823276C22F}.Debug|x64.Build.0 = Debug|Any CPU
		{4EF20A66-5E75-466E-9C6A-CC823276C22F}.Debug|x86.ActiveCfg = Debug|Any CPU
		{4EF20A66-5E75-466E-9C6A-CC823276C22F}.Debug|x86.Build.0 = Debug|Any CPU
		{4EF20A66-5E75-466E-9C6A-CC823276C22F}.Release|Any CPU.ActiveCfg = Release|Any CPU
		{4EF20A66-5E75-466E-9C6A-CC823276C22F}.Release|Any CPU.Build.0 = Release|Any CPU
		{4EF20A66-5E75-466E-9C6A-CC823276C22F}.Release|x64.ActiveCfg = Release|Any CPU
		{4EF20A66-5E75-466E-9C6A-CC823276C22F}.Release|x64.Build.0 = Release|Any CPU
		{4EF20A66-5E75-466E-9C6A-CC823276C22F}.Release|x86.ActiveCfg = Release|Any CPU
		{4EF20A66-5E75-466E-9C6A-CC823276C22F}.Release|x86.Build.0 = Release|Any CPU
		{89916C47-5CE9-49BB-B863-2C97CA3F48BB}.Debug|Any CPU.ActiveCfg = Debug|Any CPU
		{89916C47-5CE9-49BB-B863-2C97CA3F48BB}.Debug|Any CPU.Build.0 = Debug|Any CPU
		{89916C47-5CE9-49BB-B863-2C97CA3F48BB}.Debug|x64.ActiveCfg = Debug|Any CPU
		{89916C47-5CE9-49BB-B863-2C97CA3F48BB}.Debug|x64.Build.0 = Debug|Any CPU
		{89916C47-5CE9-49BB-B863-2C97CA3F48BB}.Debug|x86.ActiveCfg = Debug|Any CPU
		{89916C47-5CE9-49BB-B863-2C97CA3F48BB}.Debug|x86.Build.0 = Debug|Any CPU
		{89916C47-5CE9-49BB-B863-2C97CA3F48BB}.Release|Any CPU.ActiveCfg = Release|Any CPU
		{89916C47-5CE9-49BB-B863-2C97CA3F48BB}.Release|Any CPU.Build.0 = Release|Any CPU
		{89916C47-5CE9-49BB-B863-2C97CA3F48BB}.Release|x64.ActiveCfg = Release|Any CPU
		{89916C47-5CE9-49BB-B863-2C97CA3F48BB}.Release|x64.Build.0 = Release|Any CPU
		{89916C47-5CE9-49BB-B863-2C97CA3F48BB}.Release|x86.ActiveCfg = Release|Any CPU
		{89916C47-5CE9-49BB-B863-2C97CA3F48BB}.Release|x86.Build.0 = Release|Any CPU
	EndGlobalSection
	GlobalSection(SolutionProperties) = preSolution
		HideSolutionNode = FALSE
	EndGlobalSection
	GlobalSection(ExtensibilityGlobals) = postSolution
		SolutionGuid = {5296B5D2-B39F-416C-B3E2-4D9D4EB3CEC3}
	EndGlobalSection
	GlobalSection(NestedProjects) = preSolution
		{77AE5E1E-C5BA-4D97-8E26-AB7F1305C8C7} = {768877C2-198C-4174-B437-E2A13A2C881B}
		{89916C47-5CE9-49BB-B863-2C97CA3F48BB} = {768877C2-198C-4174-B437-E2A13A2C881B}
	EndGlobalSection
EndGlobal
